
Microsoft Visual Studio Solution File, Format Version 12.00
# Visual Studio 2013
VisualStudioVersion = 12.0.40629.0
MinimumVisualStudioVersion = 10.0.40219.1
Project("{FAE04EC0-301F-11D3-BF4B-00C04F79EFBC}") = "Bookstore.Entities", "Bookstore.Entities\Bookstore.Entities.csproj", "{4A026D2F-FB27-43AC-AF7D-A10129A8DC15}"
EndProject
Project("{FAE04EC0-301F-11D3-BF4B-00C04F79EFBC}") = "Bookstore.Context", "Bookstore.Context\Bookstore.Context.csproj", "{D74F97CF-0E6E-43FF-9BF2-9CB7D6E0C547}"
EndProject
Global
	GlobalSection(SolutionConfigurationPlatforms) = preSolution
		Debug|Any CPU = Debug|Any CPU
		Release|Any CPU = Release|Any CPU
	EndGlobalSection
	GlobalSection(ProjectConfigurationPlatforms) = postSolution
		{4A026D2F-FB27-43AC-AF7D-A10129A8DC15}.Debug|Any CPU.ActiveCfg = Debug|Any CPU
		{4A026D2F-FB27-43AC-AF7D-A10129A8DC15}.Debug|Any CPU.Build.0 = Debug|Any CPU
		{4A026D2F-FB27-43AC-AF7D-A10129A8DC15}.Release|Any CPU.ActiveCfg = Release|Any CPU
		{4A026D2F-FB27-43AC-AF7D-A10129A8DC15}.Release|Any CPU.Build.0 = Release|Any CPU
		{D74F97CF-0E6E-43FF-9BF2-9CB7D6E0C547}.Debug|Any CPU.ActiveCfg = Debug|Any CPU
		{D74F97CF-0E6E-43FF-9BF2-9CB7D6E0C547}.Debug|Any CPU.Build.0 = Debug|Any CPU
		{D74F97CF-0E6E-43FF-9BF2-9CB7D6E0C547}.Release|Any CPU.ActiveCfg = Release|Any CPU
		{D74F97CF-0E6E-43FF-9BF2-9CB7D6E0C547}.Release|Any CPU.Build.0 = Release|Any CPU
	EndGlobalSection
	GlobalSection(SolutionProperties) = preSolution
		HideSolutionNode = FALSE
	EndGlobalSection
EndGlobal
